// !$*UTF8*$!
{
	archiveVersion = 1;
	classes = {
	};
	objectVersion = 77;
	objects = {

/* Begin PBXBuildFile section */
		ECC62BA13072923C00AA575D /* tameshibu_episode1_en.pdf in Resources */ = {isa = PBXBuildFile; fileRef = ECC62B9A3072923C00AA575D /* tameshibu_episode1_en.pdf */; };
		ECC62BA23072923C00AA575D /* TestLightNovel_password.pdf in Resources */ = {isa = PBXBuildFile; fileRef = ECC62B9F3072923C00AA575D /* TestLightNovel_password.pdf */; };
		ECC62BA33072923C00AA575D /* L2R_TwoPageRight.pdf in Resources */ = {isa = PBXBuildFile; fileRef = ECC62B8E3072923C00AA575D /* L2R_TwoPageRight.pdf */; };
		ECC62BA43072923C00AA575D /* L2R_TwoColumnLeft.pdf in Resources */ = {isa = PBXBuildFile; fileRef = ECC62B8B3072923C00AA575D /* L2R_TwoColumnLeft.pdf */; };
		ECC62BA53072923C00AA575D /* tameshibu_episode2_ja.pdf in Resources */ = {isa = PBXBuildFile; fileRef = ECC62B9D3072923C00AA575D /* tameshibu_episode2_ja.pdf */; };
		ECC62BA63072923C00AA575D /* tameshibu_episode1_ja.pdf in Resources */ = {isa = PBXBuildFile; fileRef = ECC62B9B3072923C00AA575D /* tameshibu_episode1_ja.pdf */; };
		ECC62BA73072923C00AA575D /* load_test_1100_pages.pdf in Resources */ = {isa = PBXBuildFile; fileRef = ECC62B8F3072923C00AA575D /* load_test_1100_pages.pdf */; };
		ECC62BA83072923C00AA575D /* L2R_NoCover.pdf in Resources */ = {isa = PBXBuildFile; fileRef = ECC62B883072923C00AA575D /* L2R_NoCover.pdf */; };
		ECC62BA93072923C00AA575D /* R2L_NoCover.pdf in Resources */ = {isa = PBXBuildFile; fileRef = ECC62B913072923C00AA575D /* R2L_NoCover.pdf */; };
		ECC62BAA3072923C00AA575D /* L2R_OneColumn.pdf in Resources */ = {isa = PBXBuildFile; fileRef = ECC62B893072923C00AA575D /* L2R_OneColumn.pdf */; };
		ECC62BAB3072923C00AA575D /* TestLightNovel.pdf in Resources */ = {isa = PBXBuildFile; fileRef = ECC62B9E3072923C00AA575D /* TestLightNovel.pdf */; };
		ECC62BAC3072923C00AA575D /* tameshibu_episode2_en.pdf in Resources */ = {isa = PBXBuildFile; fileRef = ECC62B9C3072923C00AA575D /* tameshibu_episode2_en.pdf */; };
		ECC62BAD3072923C00AA575D /* R2L_TwoColumnRight.pdf in Resources */ = {isa = PBXBuildFile; fileRef = ECC62B953072923C00AA575D /* R2L_TwoColumnRight.pdf */; };
		ECC62BAE3072923C00AA575D /* R2L_OneColumn.pdf in Resources */ = {isa = PBXBuildFile; fileRef = ECC62B923072923C00AA575D /* R2L_OneColumn.pdf */; };
		ECC62BAF3072923C00AA575D /* R2L_TwoPageRight.pdf in Resources */ = {isa = PBXBuildFile; fileRef = ECC62B973072923C00AA575D /* R2L_TwoPageRight.pdf */; };
		ECC62BB03072923C00AA575D /* SEASIDE_LIVING_sample.pdf in Resources */ = {isa = PBXBuildFile; fileRef = ECC62B983072923C00AA575D /* SEASIDE_LIVING_sample.pdf */; };
		ECC62BB13072923C00AA575D /* L2R_Single.pdf in Resources */ = {isa = PBXBuildFile; fileRef = ECC62B8A3072923C00AA575D /* L2R_Single.pdf */; };
		ECC62BB23072923C00AA575D /* L2R_TwoColumnRight.pdf in Resources */ = {isa = PBXBuildFile; fileRef = ECC62B8C3072923C00AA575D /* L2R_TwoColumnRight.pdf */; };
		ECC62BB33072923C00AA575D /* R2L_TwoPageLeft.pdf in Resources */ = {isa = PBXBuildFile; fileRef = ECC62B963072923C00AA575D /* R2L_TwoPageLeft.pdf */; };
		ECC62BB43072923C00AA575D /* SEASIDE_LIVING_sample_EN.pdf in Resources */ = {isa = PBXBuildFile; fileRef = ECC62B993072923C00AA575D /* SEASIDE_LIVING_sample_EN.pdf */; };
		ECC62BB53072923C00AA575D /* R2L_TwoColumnLeft.pdf in Resources */ = {isa = PBXBuildFile; fileRef = ECC62B943072923C00AA575D /* R2L_TwoColumnLeft.pdf */; };
		ECC62BB63072923C00AA575D /* L2R_TwoPageLeft.pdf in Resources */ = {isa = PBXBuildFile; fileRef = ECC62B8D3072923C00AA575D /* L2R_TwoPageLeft.pdf */; };
		ECC62BB73072923C00AA575D /* L2R_Cover.pdf in Resources */ = {isa = PBXBuildFile; fileRef = ECC62B873072923C00AA575D /* L2R_Cover.pdf */; };
		ECC62BB83072923C00AA575D /* R2L_Single.pdf in Resources */ = {isa = PBXBuildFile; fileRef = ECC62B933072923C00AA575D /* R2L_Single.pdf */; };
		ECC62BB93072923C00AA575D /* R2L_Cover.pdf in Resources */ = {isa = PBXBuildFile; fileRef = ECC62B903072923C00AA575D /* R2L_Cover.pdf */; };
/* End PBXBuildFile section */

/* Begin PBXContainerItemProxy section */
		A80000000000000000000002 /* PBXContainerItemProxy */ = {
			isa = PBXContainerItemProxy;
			containerPortal = A00000000000000000000001 /* Project object */;
			proxyType = 1;
			remoteGlobalIDString = A50000000000000000000001;
			remoteInfo = MihirakiPDFUtility;
		};
/* End PBXContainerItemProxy section */

/* Begin PBXFileReference section */
		A10000000000000000000001 /* MihirakiPDFUtility.app */ = {isa = PBXFileReference; explicitFileType = wrapper.application; includeInIndex = 0; path = MihirakiPDFUtility.app; sourceTree = BUILT_PRODUCTS_DIR; };
		A10000000000000000000002 /* MihirakiPDFUtilityTests.xctest */ = {isa = PBXFileReference; explicitFileType = wrapper.cfbundle; includeInIndex = 0; path = MihirakiPDFUtilityTests.xctest; sourceTree = BUILT_PRODUCTS_DIR; };
		EC85801B305DD2A80099FD72 /* MihirakiPDFUtility-Info.plist */ = {isa = PBXFileReference; lastKnownFileType = text.plist; path = "MihirakiPDFUtility-Info.plist"; sourceTree = "<group>"; };
		ECC62B873072923C00AA575D /* L2R_Cover.pdf */ = {isa = PBXFileReference; lastKnownFileType = image.pdf; path = L2R_Cover.pdf; sourceTree = "<group>"; };
		ECC62B883072923C00AA575D /* L2R_NoCover.pdf */ = {isa = PBXFileReference; lastKnownFileType = image.pdf; path = L2R_NoCover.pdf; sourceTree = "<group>"; };
		ECC62B893072923C00AA575D /* L2R_OneColumn.pdf */ = {isa = PBXFileReference; lastKnownFileType = image.pdf; path = L2R_OneColumn.pdf; sourceTree = "<group>"; };
		ECC62B8A3072923C00AA575D /* L2R_Single.pdf */ = {isa = PBXFileReference; lastKnownFileType = image.pdf; path = L2R_Single.pdf; sourceTree = "<group>"; };
		ECC62B8B3072923C00AA575D /* L2R_TwoColumnLeft.pdf */ = {isa = PBXFileReference; lastKnownFileType = image.pdf; path = L2R_TwoColumnLeft.pdf; sourceTree = "<group>"; };
		ECC62B8C3072923C00AA575D /* L2R_TwoColumnRight.pdf */ = {isa = PBXFileReference; lastKnownFileType = image.pdf; path = L2R_TwoColumnRight.pdf; sourceTree = "<group>"; };
		ECC62B8D3072923C00AA575D /* L2R_TwoPageLeft.pdf */ = {isa = PBXFileReference; lastKnownFileType = image.pdf; path = L2R_TwoPageLeft.pdf; sourceTree = "<group>"; };
		ECC62B8E3072923C00AA575D /* L2R_TwoPageRight.pdf */ = {isa = PBXFileReference; lastKnownFileType = image.pdf; path = L2R_TwoPageRight.pdf; sourceTree = "<group>"; };
		ECC62B8F3072923C00AA575D /* load_test_1100_pages.pdf */ = {isa = PBXFileReference; lastKnownFileType = image.pdf; path = load_test_1100_pages.pdf; sourceTree = "<group>"; };
		ECC62B903072923C00AA575D /* R2L_Cover.pdf */ = {isa = PBXFileReference; lastKnownFileType = image.pdf; path = R2L_Cover.pdf; sourceTree = "<group>"; };
		ECC62B913072923C00AA575D /* R2L_NoCover.pdf */ = {isa = PBXFileReference; lastKnownFileType = image.pdf; path = R2L_NoCover.pdf; sourceTree = "<group>"; };
		ECC62B923072923C00AA575D /* R2L_OneColumn.pdf */ = {isa = PBXFileReference; lastKnownFileType = image.pdf; path = R2L_OneColumn.pdf; sourceTree = "<group>"; };
		ECC62B933072923C00AA575D /* R2L_Single.pdf */ = {isa = PBXFileReference; lastKnownFileType = image.pdf; path = R2L_Single.pdf; sourceTree = "<group>"; };
		ECC62B943072923C00AA575D /* R2L_TwoColumnLeft.pdf */ = {isa = PBXFileReference; lastKnownFileType = image.pdf; path = R2L_TwoColumnLeft.pdf; sourceTree = "<group>"; };
		ECC62B953072923C00AA575D /* R2L_TwoColumnRight.pdf */ = {isa = PBXFileReference; lastKnownFileType = image.pdf; path = R2L_TwoColumnRight.pdf; sourceTree = "<group>"; };
		ECC62B963072923C00AA575D /* R2L_TwoPageLeft.pdf */ = {isa = PBXFileReference; lastKnownFileType = image.pdf; path = R2L_TwoPageLeft.pdf; sourceTree = "<group>"; };
		ECC62B973072923C00AA575D /* R2L_TwoPageRight.pdf */ = {isa = PBXFileReference; lastKnownFileType = image.pdf; path = R2L_TwoPageRight.pdf; sourceTree = "<group>"; };
		ECC62B983072923C00AA575D /* SEASIDE_LIVING_sample.pdf */ = {isa = PBXFileReference; lastKnownFileType = image.pdf; path = SEASIDE_LIVING_sample.pdf; sourceTree = "<group>"; };
		ECC62B993072923C00AA575D /* SEASIDE_LIVING_sample_EN.pdf */ = {isa = PBXFileReference; lastKnownFileType = image.pdf; path = SEASIDE_LIVING_sample_EN.pdf; sourceTree = "<group>"; };
		ECC62B9A3072923C00AA575D /* tameshibu_episode1_en.pdf */ = {isa = PBXFileReference; lastKnownFileType = image.pdf; path = tameshibu_episode1_en.pdf; sourceTree = "<group>"; };
		ECC62B9B3072923C00AA575D /* tameshibu_episode1_ja.pdf */ = {isa = PBXFileReference; lastKnownFileType = image.pdf; path = tameshibu_episode1_ja.pdf; sourceTree = "<group>"; };
		ECC62B9C3072923C00AA575D /* tameshibu_episode2_en.pdf */ = {isa = PBXFileReference; lastKnownFileType = image.pdf; path = tameshibu_episode2_en.pdf; sourceTree = "<group>"; };
		ECC62B9D3072923C00AA575D /* tameshibu_episode2_ja.pdf */ = {isa = PBXFileReference; lastKnownFileType = image.pdf; path = tameshibu_episode2_ja.pdf; sourceTree = "<group>"; };
		ECC62B9E3072923C00AA575D /* TestLightNovel.pdf */ = {isa = PBXFileReference; lastKnownFileType = image.pdf; path = TestLightNovel.pdf; sourceTree = "<group>"; };
		ECC62B9F3072923C00AA575D /* TestLightNovel_password.pdf */ = {isa = PBXFileReference; lastKnownFileType = image.pdf; path = TestLightNovel_password.pdf; sourceTree = "<group>"; };
/* End PBXFileReference section */

/* Begin PBXFileSystemSynchronizedRootGroup section */
		A20000000000000000000001 /* MihirakiPDFUtilityApp */ = {
			isa = PBXFileSystemSynchronizedRootGroup;
			path = MihirakiPDFUtilityApp;
			sourceTree = "<group>";
		};
		A20000000000000000000002 /* MihirakiPDFUtilityTests */ = {
			isa = PBXFileSystemSynchronizedRootGroup;
			path = MihirakiPDFUtilityTests;
			sourceTree = "<group>";
		};
/* End PBXFileSystemSynchronizedRootGroup section */

/* Begin PBXFrameworksBuildPhase section */
		A30000000000000000000001 /* Frameworks */ = {
			isa = PBXFrameworksBuildPhase;
			buildActionMask = 2147483647;
			files = (
			);
			runOnlyForDeploymentPostprocessing = 0;
		};
		A30000000000000000000002 /* Frameworks */ = {
			isa = PBXFrameworksBuildPhase;
			buildActionMask = 2147483647;
			files = (
			);
			runOnlyForDeploymentPostprocessing = 0;
		};
/* End PBXFrameworksBuildPhase section */

/* Begin PBXGroup section */
		A40000000000000000000001 = {
			isa = PBXGroup;
			children = (
				EC85801B305DD2A80099FD72 /* MihirakiPDFUtility-Info.plist */,
				A20000000000000000000001 /* MihirakiPDFUtilityApp */,
				A20000000000000000000002 /* MihirakiPDFUtilityTests */,
				ECC62BA03072923C00AA575D /* testdata */,
				A40000000000000000000002 /* Products */,
			);
			sourceTree = "<group>";
		};
		A40000000000000000000002 /* Products */ = {
			isa = PBXGroup;
			children = (
				A10000000000000000000001 /* MihirakiPDFUtility.app */,
				A10000000000000000000002 /* MihirakiPDFUtilityTests.xctest */,
			);
			name = Products;
			sourceTree = "<group>";
		};
		ECC62BA03072923C00AA575D /* testdata */ = {
			isa = PBXGroup;
			children = (
				ECC62B873072923C00AA575D /* L2R_Cover.pdf */,
				ECC62B883072923C00AA575D /* L2R_NoCover.pdf */,
				ECC62B893072923C00AA575D /* L2R_OneColumn.pdf */,
				ECC62B8A3072923C00AA575D /* L2R_Single.pdf */,
				ECC62B8B3072923C00AA575D /* L2R_TwoColumnLeft.pdf */,
				ECC62B8C3072923C00AA575D /* L2R_TwoColumnRight.pdf */,
				ECC62B8D3072923C00AA575D /* L2R_TwoPageLeft.pdf */,
				ECC62B8E3072923C00AA575D /* L2R_TwoPageRight.pdf */,
				ECC62B8F3072923C00AA575D /* load_test_1100_pages.pdf */,
				ECC62B903072923C00AA575D /* R2L_Cover.pdf */,
				ECC62B913072923C00AA575D /* R2L_NoCover.pdf */,
				ECC62B923072923C00AA575D /* R2L_OneColumn.pdf */,
				ECC62B933072923C00AA575D /* R2L_Single.pdf */,
				ECC62B943072923C00AA575D /* R2L_TwoColumnLeft.pdf */,
				ECC62B953072923C00AA575D /* R2L_TwoColumnRight.pdf */,
				ECC62B963072923C00AA575D /* R2L_TwoPageLeft.pdf */,
				ECC62B973072923C00AA575D /* R2L_TwoPageRight.pdf */,
				ECC62B983072923C00AA575D /* SEASIDE_LIVING_sample.pdf */,
				ECC62B993072923C00AA575D /* SEASIDE_LIVING_sample_EN.pdf */,
				ECC62B9A3072923C00AA575D /* tameshibu_episode1_en.pdf */,
				ECC62B9B3072923C00AA575D /* tameshibu_episode1_ja.pdf */,
				ECC62B9C3072923C00AA575D /* tameshibu_episode2_en.pdf */,
				ECC62B9D3072923C00AA575D /* tameshibu_episode2_ja.pdf */,
				ECC62B9E3072923C00AA575D /* TestLightNovel.pdf */,
				ECC62B9F3072923C00AA575D /* TestLightNovel_password.pdf */,
			);
			path = testdata;
			sourceTree = "<group>";
		};
/* End PBXGroup section */

/* Begin PBXNativeTarget section */
		A50000000000000000000001 /* MihirakiPDFUtility */ = {
			isa = PBXNativeTarget;
			buildConfigurationList = A90000000000000000000002 /* Build configuration list for PBXNativeTarget "MihirakiPDFUtility" */;
			buildPhases = (
				A60000000000000000000001 /* Sources */,
				A30000000000000000000001 /* Frameworks */,
				A70000000000000000000001 /* Resources */,
			);
			buildRules = (
			);
			dependencies = (
			);
			fileSystemSynchronizedGroups = (
				A20000000000000000000001 /* MihirakiPDFUtilityApp */,
			);
			name = MihirakiPDFUtility;
			packageProductDependencies = (
			);
			productName = MihirakiPDFUtility;
			productReference = A10000000000000000000001 /* MihirakiPDFUtility.app */;
			productType = "com.apple.product-type.application";
		};
		A50000000000000000000002 /* MihirakiPDFUtilityTests */ = {
			isa = PBXNativeTarget;
			buildConfigurationList = A90000000000000000000003 /* Build configuration list for PBXNativeTarget "MihirakiPDFUtilityTests" */;
			buildPhases = (
				A60000000000000000000002 /* Sources */,
				A30000000000000000000002 /* Frameworks */,
				A70000000000000000000002 /* Resources */,
			);
			buildRules = (
			);
			dependencies = (
				A80000000000000000000001 /* PBXTargetDependency */,
			);
			fileSystemSynchronizedGroups = (
				A20000000000000000000002 /* MihirakiPDFUtilityTests */,
			);
			name = MihirakiPDFUtilityTests;
			packageProductDependencies = (
			);
			productName = MihirakiPDFUtilityTests;
			productReference = A10000000000000000000002 /* MihirakiPDFUtilityTests.xctest */;
			productType = "com.apple.product-type.bundle.unit-test";
		};
/* End PBXNativeTarget section */

/* Begin PBXProject section */
		A00000000000000000000001 /* Project object */ = {
			isa = PBXProject;
			attributes = {
				BuildIndependentTargetsInParallel = 1;
				LastSwiftUpdateCheck = 2700;
				LastUpgradeCheck = 2700;
				TargetAttributes = {
					A50000000000000000000001 = {
						CreatedOnToolsVersion = 27.0;
					};
					A50000000000000000000002 = {
						CreatedOnToolsVersion = 27.0;
						TestTargetID = A50000000000000000000001;
					};
				};
			};
			buildConfigurationList = A90000000000000000000001 /* Build configuration list for PBXProject "MihirakiPDFUtility" */;
			developmentRegion = en;
			hasScannedForEncodings = 0;
			knownRegions = (
				en,
				Base,
				ja,
				ko,
				"zh-Hant",
				de,
				fr,
				es,
				pt,
				"zh-Hans",
				vi,
				fil,
				ne,
				id,
			);
			mainGroup = A40000000000000000000001;
			preferredProjectObjectVersion = 77;
			productRefGroup = A40000000000000000000002 /* Products */;
			projectDirPath = "";
			projectRoot = "";
			targets = (
				A50000000000000000000001 /* MihirakiPDFUtility */,
				A50000000000000000000002 /* MihirakiPDFUtilityTests */,
			);
		};
/* End PBXProject section */

/* Begin PBXResourcesBuildPhase section */
		A70000000000000000000001 /* Resources */ = {
			isa = PBXResourcesBuildPhase;
			buildActionMask = 2147483647;
			files = (
				ECC62BA13072923C00AA575D /* tameshibu_episode1_en.pdf in Resources */,
				ECC62BA23072923C00AA575D /* TestLightNovel_password.pdf in Resources */,
				ECC62BA33072923C00AA575D /* L2R_TwoPageRight.pdf in Resources */,
				ECC62BA43072923C00AA575D /* L2R_TwoColumnLeft.pdf in Resources */,
				ECC62BA53072923C00AA575D /* tameshibu_episode2_ja.pdf in Resources */,
				ECC62BA63072923C00AA575D /* tameshibu_episode1_ja.pdf in Resources */,
				ECC62BA73072923C00AA575D /* load_test_1100_pages.pdf in Resources */,
				ECC62BA83072923C00AA575D /* L2R_NoCover.pdf in Resources */,
				ECC62BA93072923C00AA575D /* R2L_NoCover.pdf in Resources */,
				ECC62BAA3072923C00AA575D /* L2R_OneColumn.pdf in Resources */,
				ECC62BAB3072923C00AA575D /* TestLightNovel.pdf in Resources */,
				ECC62BAC3072923C00AA575D /* tameshibu_episode2_en.pdf in Resources */,
				ECC62BAD3072923C00AA575D /* R2L_TwoColumnRight.pdf in Resources */,
				ECC62BAE3072923C00AA575D /* R2L_OneColumn.pdf in Resources */,
				ECC62BAF3072923C00AA575D /* R2L_TwoPageRight.pdf in Resources */,
				ECC62BB03072923C00AA575D /* SEASIDE_LIVING_sample.pdf in Resources */,
				ECC62BB13072923C00AA575D /* L2R_Single.pdf in Resources */,
				ECC62BB23072923C00AA575D /* L2R_TwoColumnRight.pdf in Resources */,
				ECC62BB33072923C00AA575D /* R2L_TwoPageLeft.pdf in Resources */,
				ECC62BB43072923C00AA575D /* SEASIDE_LIVING_sample_EN.pdf in Resources */,
				ECC62BB53072923C00AA575D /* R2L_TwoColumnLeft.pdf in Resources */,
				ECC62BB63072923C00AA575D /* L2R_TwoPageLeft.pdf in Resources */,
				ECC62BB73072923C00AA575D /* L2R_Cover.pdf in Resources */,
				ECC62BB83072923C00AA575D /* R2L_Single.pdf in Resources */,
				ECC62BB93072923C00AA575D /* R2L_Cover.pdf in Resources */,
			);
			runOnlyForDeploymentPostprocessing = 0;
		};
		A70000000000000000000002 /* Resources */ = {
			isa = PBXResourcesBuildPhase;
			buildActionMask = 2147483647;
			files = (
			);
			runOnlyForDeploymentPostprocessing = 0;
		};
/* End PBXResourcesBuildPhase section */

/* Begin PBXSourcesBuildPhase section */
		A60000000000000000000001 /* Sources */ = {
			isa = PBXSourcesBuildPhase;
			buildActionMask = 2147483647;
			files = (
			);
			runOnlyForDeploymentPostprocessing = 0;
		};
		A60000000000000000000002 /* Sources */ = {
			isa = PBXSourcesBuildPhase;
			buildActionMask = 2147483647;
			files = (
			);
			runOnlyForDeploymentPostprocessing = 0;
		};
/* End PBXSourcesBuildPhase section */

/* Begin PBXTargetDependency section */
		A80000000000000000000001 /* PBXTargetDependency */ = {
			isa = PBXTargetDependency;
			target = A50000000000000000000001 /* MihirakiPDFUtility */;
			targetProxy = A80000000000000000000002 /* PBXContainerItemProxy */;
		};
/* End PBXTargetDependency section */

/* Begin XCBuildConfiguration section */
		B10000000000000000000001 /* Debug */ = {
			isa = XCBuildConfiguration;
			buildSettings = {
				ALWAYS_SEARCH_USER_PATHS = NO;
				CLANG_ENABLE_MODULES = YES;
				CLANG_ENABLE_OBJC_ARC = YES;
				COPY_PHASE_STRIP = NO;
				DEBUG_INFORMATION_FORMAT = dwarf;
				ENABLE_TESTABILITY = YES;
				GCC_C_LANGUAGE_STANDARD = gnu17;
				GCC_OPTIMIZATION_LEVEL = 0;
				ONLY_ACTIVE_ARCH = YES;
				SDKROOT = iphoneos;
				SWIFT_ACTIVE_COMPILATION_CONDITIONS = "DEBUG $(inherited)";
				SWIFT_OPTIMIZATION_LEVEL = "-Onone";
			};
			name = Debug;
		};
		B10000000000000000000002 /* Release */ = {
			isa = XCBuildConfiguration;
			buildSettings = {
				ALWAYS_SEARCH_USER_PATHS = NO;
				CLANG_ENABLE_MODULES = YES;
				CLANG_ENABLE_OBJC_ARC = YES;
				COPY_PHASE_STRIP = NO;
				DEBUG_INFORMATION_FORMAT = "dwarf-with-dsym";
				GCC_C_LANGUAGE_STANDARD = gnu17;
				SDKROOT = iphoneos;
				SWIFT_COMPILATION_MODE = wholemodule;
				SWIFT_OPTIMIZATION_LEVEL = "-O";
			};
			name = Release;
		};
		B20000000000000000000001 /* Debug */ = {
			isa = XCBuildConfiguration;
			buildSettings = {
				ASSETCATALOG_COMPILER_APPICON_NAME = AppIcon;
				CODE_SIGN_STYLE = Automatic;
				CURRENT_PROJECT_VERSION = 1;
				DEVELOPMENT_TEAM = B2E5F3M8V5;
				ENABLE_PREVIEWS = YES;
				GENERATE_INFOPLIST_FILE = YES;
				INFOPLIST_FILE = "MihirakiPDFUtility-Info.plist";
				INFOPLIST_KEY_CFBundleDisplayName = MihirakiPDFUtility;
				INFOPLIST_KEY_LSSupportsOpeningDocumentsInPlace = YES;
				INFOPLIST_KEY_NSHumanReadableCopyright = "Copyright © 2026 tyamada";
				INFOPLIST_KEY_UIApplicationSceneManifest_Generation = YES;
				INFOPLIST_KEY_UIApplicationSupportsIndirectInputEvents = YES;
				INFOPLIST_KEY_UILaunchScreen_Generation = YES;
				IPHONEOS_DEPLOYMENT_TARGET = 18.0;
				MACOSX_DEPLOYMENT_TARGET = 15.0;
				MARKETING_VERSION = 1.0.0;
				PRODUCT_BUNDLE_IDENTIFIER = com.tyamada.MihirakiPDFUtility;
				PRODUCT_NAME = "$(TARGET_NAME)";
				SUPPORTED_PLATFORMS = "iphoneos iphonesimulator macosx";
				SWIFT_EMIT_LOC_STRINGS = YES;
				SWIFT_VERSION = 6.0;
				TARGETED_DEVICE_FAMILY = "1,2";
			};
			name = Debug;
		};
		B20000000000000000000002 /* Release */ = {
			isa = XCBuildConfiguration;
			buildSettings = {
				ASSETCATALOG_COMPILER_APPICON_NAME = AppIcon;
				CODE_SIGN_STYLE = Automatic;
				CURRENT_PROJECT_VERSION = 1;
				DEVELOPMENT_TEAM = B2E5F3M8V5;
				ENABLE_PREVIEWS = YES;
				GENERATE_INFOPLIST_FILE = YES;
				INFOPLIST_FILE = "MihirakiPDFUtility-Info.plist";
				INFOPLIST_KEY_CFBundleDisplayName = MihirakiPDFUtility;
				INFOPLIST_KEY_LSSupportsOpeningDocumentsInPlace = YES;
				INFOPLIST_KEY_NSHumanReadableCopyright = "Copyright © 2026 tyamada";
				INFOPLIST_KEY_UIApplicationSceneManifest_Generation = YES;
				INFOPLIST_KEY_UIApplicationSupportsIndirectInputEvents = YES;
				INFOPLIST_KEY_UILaunchScreen_Generation = YES;
				IPHONEOS_DEPLOYMENT_TARGET = 18.0;
				MACOSX_DEPLOYMENT_TARGET = 15.0;
				MARKETING_VERSION = 1.0.0;
				PRODUCT_BUNDLE_IDENTIFIER = com.tyamada.MihirakiPDFUtility;
				PRODUCT_NAME = "$(TARGET_NAME)";
				SUPPORTED_PLATFORMS = "iphoneos iphonesimulator macosx";
				SWIFT_EMIT_LOC_STRINGS = YES;
				SWIFT_VERSION = 6.0;
				TARGETED_DEVICE_FAMILY = "1,2";
			};
			name = Release;
		};
		B30000000000000000000001 /* Debug */ = {
			isa = XCBuildConfiguration;
			buildSettings = {
				BUNDLE_LOADER = "$(TEST_HOST)";
				CODE_SIGN_STYLE = Automatic;
				GENERATE_INFOPLIST_FILE = YES;
				IPHONEOS_DEPLOYMENT_TARGET = 18.0;
				MACOSX_DEPLOYMENT_TARGET = 15.0;
				PRODUCT_BUNDLE_IDENTIFIER = com.tyamada.MihirakiPDFUtilityTests;
				PRODUCT_NAME = "$(TARGET_NAME)";
				SUPPORTED_PLATFORMS = "iphoneos iphonesimulator macosx";
				SWIFT_VERSION = 6.0;
				TARGETED_DEVICE_FAMILY = "1,2";
				TEST_HOST = "$(BUILT_PRODUCTS_DIR)/MihirakiPDFUtility.app/$(BUNDLE_EXECUTABLE_FOLDER_PATH)/MihirakiPDFUtility";
			};
			name = Debug;
		};
		B30000000000000000000002 /* Release */ = {
			isa = XCBuildConfiguration;
			buildSettings = {
				BUNDLE_LOADER = "$(TEST_HOST)";
				CODE_SIGN_STYLE = Automatic;
				GENERATE_INFOPLIST_FILE = YES;
				IPHONEOS_DEPLOYMENT_TARGET = 18.0;
				MACOSX_DEPLOYMENT_TARGET = 15.0;
				PRODUCT_BUNDLE_IDENTIFIER = com.tyamada.MihirakiPDFUtilityTests;
				PRODUCT_NAME = "$(TARGET_NAME)";
				SUPPORTED_PLATFORMS = "iphoneos iphonesimulator macosx";
				SWIFT_VERSION = 6.0;
				TARGETED_DEVICE_FAMILY = "1,2";
				TEST_HOST = "$(BUILT_PRODUCTS_DIR)/MihirakiPDFUtility.app/$(BUNDLE_EXECUTABLE_FOLDER_PATH)/MihirakiPDFUtility";
			};
			name = Release;
		};
/* End XCBuildConfiguration section */

/* Begin XCConfigurationList section */
		A90000000000000000000001 /* Build configuration list for PBXProject "MihirakiPDFUtility" */ = {
			isa = XCConfigurationList;
			buildConfigurations = (
				B10000000000000000000001 /* Debug */,
				B10000000000000000000002 /* Release */,
			);
			defaultConfigurationIsVisible = 0;
			defaultConfigurationName = Release;
		};
		A90000000000000000000002 /* Build configuration list for PBXNativeTarget "MihirakiPDFUtility" */ = {
			isa = XCConfigurationList;
			buildConfigurations = (
				B20000000000000000000001 /* Debug */,
				B20000000000000000000002 /* Release */,
			);
			defaultConfigurationIsVisible = 0;
			defaultConfigurationName = Release;
		};
		A90000000000000000000003 /* Build configuration list for PBXNativeTarget "MihirakiPDFUtilityTests" */ = {
			isa = XCConfigurationList;
			buildConfigurations = (
				B30000000000000000000001 /* Debug */,
				B30000000000000000000002 /* Release */,
			);
			defaultConfigurationIsVisible = 0;
			defaultConfigurationName = Release;
		};
/* End XCConfigurationList section */
	};
	rootObject = A00000000000000000000001 /* Project object */;
}
